
Microsoft Visual Studio Solution File, Format Version 12.00
# Visual Studio Version 16
VisualStudioVersion = 16.0.30225.117
MinimumVisualStudioVersion = 10.0.40219.1
Project("{2150E333-8FDC-42A3-9474-1A3956D46DE8}") = "Solution Items", "Solution Items", "{D3063397-88C4-46E7-A488-99F54D13C047}"
	ProjectSection(SolutionItems) = preProject
		.dockerignore = .dockerignore
		Dockerfile = Dockerfile
		README.md = README.md
	EndProjectSection
EndProject
Project("{2150E333-8FDC-42A3-9474-1A3956D46DE8}") = "Apex", "Apex", "{04DA74ED-DE01-4E76-BA58-F63106855826}"
	ProjectSection(SolutionItems) = preProject
		Apex\AfterInsertContentVersion.apxt = Apex\AfterInsertContentVersion.apxt
		Apex\ContentCheckServiceInvoker.apxc = Apex\ContentCheckServiceInvoker.apxc
		Apex\GlobalConfiguration.apxc = Apex\GlobalConfiguration.apxc
		Apex\ProfanityCheckResponse.apxc = Apex\ProfanityCheckResponse.apxc
		Apex\ProfanityCheckResult.apxc = Apex\ProfanityCheckResult.apxc
	EndProjectSection
EndProject
Project("{9A19103F-16F7-4668-BE54-9A1E7A4F7556}") = "ProfanityCheckLib", "ProfanityCheckLib\ProfanityCheckLib.csproj", "{2905882A-D0A0-43F6-8C93-64C3B2734797}"
EndProject
Project("{9A19103F-16F7-4668-BE54-9A1E7A4F7556}") = "ProfanityCheckLib.Tests", "ProfanityCheckLib.Tests\ProfanityCheckLib.Tests.csproj", "{146F1E82-76C8-4140-93F6-EEB47209073A}"
EndProject
Project("{9A19103F-16F7-4668-BE54-9A1E7A4F7556}") = "ProfanityCheck.WebAPI", "ProfanityCheck.WebAPI\ProfanityCheck.WebAPI.csproj", "{12F15722-B15C-413F-9FD6-7D6CB8F71218}"
EndProject
Global
	GlobalSection(SolutionConfigurationPlatforms) = preSolution
		Debug|Any CPU = Debug|Any CPU
		Release|Any CPU = Release|Any CPU
	EndGlobalSection
	GlobalSection(ProjectConfigurationPlatforms) = postSolution
		{2905882A-D0A0-43F6-8C93-64C3B2734797}.Debug|Any CPU.ActiveCfg = Debug|Any CPU
		{2905882A-D0A0-43F6-8C93-64C3B2734797}.Debug|Any CPU.Build.0 = Debug|Any CPU
		{2905882A-D0A0-43F6-8C93-64C3B2734797}.Release|Any CPU.ActiveCfg = Release|Any CPU
		{2905882A-D0A0-43F6-8C93-64C3B2734797}.Release|Any CPU.Build.0 = Release|Any CPU
		{146F1E82-76C8-4140-93F6-EEB47209073A}.Debug|Any CPU.ActiveCfg = Debug|Any CPU
		{146F1E82-76C8-4140-93F6-EEB47209073A}.Debug|Any CPU.Build.0 = Debug|Any CPU
		{146F1E82-76C8-4140-93F6-EEB47209073A}.Release|Any CPU.ActiveCfg = Release|Any CPU
		{146F1E82-76C8-4140-93F6-EEB47209073A}.Release|Any CPU.Build.0 = Release|Any CPU
		{12F15722-B15C-413F-9FD6-7D6CB8F71218}.Debug|Any CPU.ActiveCfg = Debug|Any CPU
		{12F15722-B15C-413F-9FD6-7D6CB8F71218}.Debug|Any CPU.Build.0 = Debug|Any CPU
		{12F15722-B15C-413F-9FD6-7D6CB8F71218}.Release|Any CPU.ActiveCfg = Release|Any CPU
		{12F15722-B15C-413F-9FD6-7D6CB8F71218}.Release|Any CPU.Build.0 = Release|Any CPU
	EndGlobalSection
	GlobalSection(SolutionProperties) = preSolution
		HideSolutionNode = FALSE
	EndGlobalSection
	GlobalSection(ExtensibilityGlobals) = postSolution
		SolutionGuid = {423E5507-DF02-4609-AED9-9C2E0843885E}
	EndGlobalSection
EndGlobal
